
Microsoft Visual Studio Solution File, Format Version 12.00
# Visual Studio Version 17
VisualStudioVersion = 17.9.34728.123
MinimumVisualStudioVersion = 10.0.40219.1
Project("{2150E333-8FDC-42A3-9474-1A3956D46DE8}") = "Plugins", "Plugins", "{F5D663EC-AEAF-4908-AAE3-DD4A52D5A455}"
EndProject
Project("{FAE04EC0-301F-11D3-BF4B-00C04F79EFBC}") = "MinhaAgenda", "MinhaAgenda\MinhaAgenda.csproj", "{E8B7702F-7E72-4A5F-962E-30E3A88B54A2}"
EndProject
Project("{FAE04EC0-301F-11D3-BF4B-00C04F79EFBC}") = "DadosEmMemoria", "DadosEmMemoria\DadosEmMemoria.csproj", "{42EBD851-2A8D-4382-9DA2-099233BCF3C9}"
EndProject
Project("{FAE04EC0-301F-11D3-BF4B-00C04F79EFBC}") = "SqlLite", "SqlLite\SqlLite.csproj", "{F98343B8-B969-4986-94DE-D9924544AC14}"
EndProject
Project("{FAE04EC0-301F-11D3-BF4B-00C04F79EFBC}") = "CasosDeUso", "CasosDeUso\CasosDeUso.csproj", "{754C787B-D528-40C4-AE18-02819B75FA0B}"
EndProject
Project("{FAE04EC0-301F-11D3-BF4B-00C04F79EFBC}") = "CoreBusiness", "CoreBusiness\CoreBusiness.csproj", "{46CC9792-DAFC-4DFD-9078-413B49C065FE}"
EndProject
Global
	GlobalSection(SolutionConfigurationPlatforms) = preSolution
		Debug|Any CPU = Debug|Any CPU
		Release|Any CPU = Release|Any CPU
	EndGlobalSection
	GlobalSection(ProjectConfigurationPlatforms) = postSolution
		{E8B7702F-7E72-4A5F-962E-30E3A88B54A2}.Debug|Any CPU.ActiveCfg = Debug|Any CPU
		{E8B7702F-7E72-4A5F-962E-30E3A88B54A2}.Debug|Any CPU.Build.0 = Debug|Any CPU
		{E8B7702F-7E72-4A5F-962E-30E3A88B54A2}.Debug|Any CPU.Deploy.0 = Debug|Any CPU
		{E8B7702F-7E72-4A5F-962E-30E3A88B54A2}.Release|Any CPU.ActiveCfg = Release|Any CPU
		{E8B7702F-7E72-4A5F-962E-30E3A88B54A2}.Release|Any CPU.Build.0 = Release|Any CPU
		{E8B7702F-7E72-4A5F-962E-30E3A88B54A2}.Release|Any CPU.Deploy.0 = Release|Any CPU
		{42EBD851-2A8D-4382-9DA2-099233BCF3C9}.Debug|Any CPU.ActiveCfg = Debug|Any CPU
		{42EBD851-2A8D-4382-9DA2-099233BCF3C9}.Debug|Any CPU.Build.0 = Debug|Any CPU
		{42EBD851-2A8D-4382-9DA2-099233BCF3C9}.Release|Any CPU.ActiveCfg = Release|Any CPU
		{42EBD851-2A8D-4382-9DA2-099233BCF3C9}.Release|Any CPU.Build.0 = Release|Any CPU
		{F98343B8-B969-4986-94DE-D9924544AC14}.Debug|Any CPU.ActiveCfg = Debug|Any CPU
		{F98343B8-B969-4986-94DE-D9924544AC14}.Debug|Any CPU.Build.0 = Debug|Any CPU
		{F98343B8-B969-4986-94DE-D9924544AC14}.Release|Any CPU.ActiveCfg = Release|Any CPU
		{F98343B8-B969-4986-94DE-D9924544AC14}.Release|Any CPU.Build.0 = Release|Any CPU
		{754C787B-D528-40C4-AE18-02819B75FA0B}.Debug|Any CPU.ActiveCfg = Debug|Any CPU
		{754C787B-D528-40C4-AE18-02819B75FA0B}.Debug|Any CPU.Build.0 = Debug|Any CPU
		{754C787B-D528-40C4-AE18-02819B75FA0B}.Release|Any CPU.ActiveCfg = Release|Any CPU
		{754C787B-D528-40C4-AE18-02819B75FA0B}.Release|Any CPU.Build.0 = Release|Any CPU
		{46CC9792-DAFC-4DFD-9078-413B49C065FE}.Debug|Any CPU.ActiveCfg = Debug|Any CPU
		{46CC9792-DAFC-4DFD-9078-413B49C065FE}.Debug|Any CPU.Build.0 = Debug|Any CPU
		{46CC9792-DAFC-4DFD-9078-413B49C065FE}.Release|Any CPU.ActiveCfg = Release|Any CPU
		{46CC9792-DAFC-4DFD-9078-413B49C065FE}.Release|Any CPU.Build.0 = Release|Any CPU
	EndGlobalSection
	GlobalSection(SolutionProperties) = preSolution
		HideSolutionNode = FALSE
	EndGlobalSection
	GlobalSection(NestedProjects) = preSolution
		{42EBD851-2A8D-4382-9DA2-099233BCF3C9} = {F5D663EC-AEAF-4908-AAE3-DD4A52D5A455}
		{F98343B8-B969-4986-94DE-D9924544AC14} = {F5D663EC-AEAF-4908-AAE3-DD4A52D5A455}
	EndGlobalSection
	GlobalSection(ExtensibilityGlobals) = postSolution
		SolutionGuid = {43CB3D7C-E5A8-4C51-A369-40A3DEC5CFFB}
	EndGlobalSection
EndGlobal
